
Microsoft Visual Studio Solution File, Format Version 10.00
# Visual C# Express 2008
Project("{FAE04EC0-301F-11D3-BF4B-00C04F79EFBC}") = "rundotnetdll32", "rundotnetdll32\rundotnetdll32.csproj", "{9913C2F2-ECBB-48A0-97A1-B703D32BF772}"
EndProject
Global
	GlobalSection(SolutionConfigurationPlatforms) = preSolution
		Debug|Any CPU = Debug|Any CPU
		Release|Any CPU = Release|Any CPU
	EndGlobalSection
	GlobalSection(ProjectConfigurationPlatforms) = postSolution
		{9913C2F2-ECBB-48A0-97A1-B703D32BF772}.Debug|Any CPU.ActiveCfg = Release|Any CPU
		{9913C2F2-ECBB-48A0-97A1-B703D32BF772}.Debug|Any CPU.Build.0 = Release|Any CPU
		{9913C2F2-ECBB-48A0-97A1-B703D32BF772}.Release|Any CPU.ActiveCfg = Release|Any CPU
		{9913C2F2-ECBB-48A0-97A1-B703D32BF772}.Release|Any CPU.Build.0 = Release|Any CPU
	EndGlobalSection
	GlobalSection(SolutionProperties) = preSolution
		HideSolutionNode = FALSE
	EndGlobalSection
EndGlobal
